
Microsoft Visual Studio Solution File, Format Version 12.00
# Visual Studio Version 17
VisualStudioVersion = 17.8.34316.72
MinimumVisualStudioVersion = 10.0.40219.1
Project("{FAE04EC0-301F-11D3-BF4B-00C04F79EFBC}") = "LuftBornCodeTest", "LuftBornCodeTest\LuftBornCodeTest.csproj", "{F04725FD-1F45-475D-8EDD-B2BEDF2185BC}"
EndProject
Project("{FAE04EC0-301F-11D3-BF4B-00C04F79EFBC}") = "Core", "Core\Core.csproj", "{9814ED72-844C-4FE7-9BDC-AB67304D51D7}"
EndProject
Project("{FAE04EC0-301F-11D3-BF4B-00C04F79EFBC}") = "Infrastructure", "Infrastructure\Infrastructure.csproj", "{D2EEDDD2-C489-45F7-87EB-4EF5236B7303}"
EndProject
Project("{FAE04EC0-301F-11D3-BF4B-00C04F79EFBC}") = "Application", "Application\Application.csproj", "{33D762A6-49EE-4F17-BAF5-936FF2604099}"
EndProject
Global
	GlobalSection(SolutionConfigurationPlatforms) = preSolution
		Debug|Any CPU = Debug|Any CPU
		Release|Any CPU = Release|Any CPU
	EndGlobalSection
	GlobalSection(ProjectConfigurationPlatforms) = postSolution
		{F04725FD-1F45-475D-8EDD-B2BEDF2185BC}.Debug|Any CPU.ActiveCfg = Debug|Any CPU
		{F04725FD-1F45-475D-8EDD-B2BEDF2185BC}.Debug|Any CPU.Build.0 = Debug|Any CPU
		{F04725FD-1F45-475D-8EDD-B2BEDF2185BC}.Release|Any CPU.ActiveCfg = Release|Any CPU
		{F04725FD-1F45-475D-8EDD-B2BEDF2185BC}.Release|Any CPU.Build.0 = Release|Any CPU
		{9814ED72-844C-4FE7-9BDC-AB67304D51D7}.Debug|Any CPU.ActiveCfg = Debug|Any CPU
		{9814ED72-844C-4FE7-9BDC-AB67304D51D7}.Debug|Any CPU.Build.0 = Debug|Any CPU
		{9814ED72-844C-4FE7-9BDC-AB67304D51D7}.Release|Any CPU.ActiveCfg = Release|Any CPU
		{9814ED72-844C-4FE7-9BDC-AB67304D51D7}.Release|Any CPU.Build.0 = Release|Any CPU
		{D2EEDDD2-C489-45F7-87EB-4EF5236B7303}.Debug|Any CPU.ActiveCfg = Debug|Any CPU
		{D2EEDDD2-C489-45F7-87EB-4EF5236B7303}.Debug|Any CPU.Build.0 = Debug|Any CPU
		{D2EEDDD2-C489-45F7-87EB-4EF5236B7303}.Release|Any CPU.ActiveCfg = Release|Any CPU
		{D2EEDDD2-C489-45F7-87EB-4EF5236B7303}.Release|Any CPU.Build.0 = Release|Any CPU
		{33D762A6-49EE-4F17-BAF5-936FF2604099}.Debug|Any CPU.ActiveCfg = Debug|Any CPU
		{33D762A6-49EE-4F17-BAF5-936FF2604099}.Debug|Any CPU.Build.0 = Debug|Any CPU
		{33D762A6-49EE-4F17-BAF5-936FF2604099}.Release|Any CPU.ActiveCfg = Release|Any CPU
		{33D762A6-49EE-4F17-BAF5-936FF2604099}.Release|Any CPU.Build.0 = Release|Any CPU
	EndGlobalSection
	GlobalSection(SolutionProperties) = preSolution
		HideSolutionNode = FALSE
	EndGlobalSection
	GlobalSection(ExtensibilityGlobals) = postSolution
		SolutionGuid = {5A3B06AF-FB71-439D-A8AB-EB6FA558DAB3}
	EndGlobalSection
EndGlobal
